
Microsoft Visual Studio Solution File, Format Version 12.00
# Visual Studio Version 17
VisualStudioVersion = 17.8.34316.72
MinimumVisualStudioVersion = 10.0.40219.1
Project("{FAE04EC0-301F-11D3-BF4B-00C04F79EFBC}") = "BarberShopMVC", "BarberShopMVC\BarberShopMVC.csproj", "{B218AA88-8470-4EBE-B4E1-916FAA3126BD}"
EndProject
Global
	GlobalSection(SolutionConfigurationPlatforms) = preSolution
		Debug|Any CPU = Debug|Any CPU
		Release|Any CPU = Release|Any CPU
	EndGlobalSection
	GlobalSection(ProjectConfigurationPlatforms) = postSolution
		{B218AA88-8470-4EBE-B4E1-916FAA3126BD}.Debug|Any CPU.ActiveCfg = Debug|Any CPU
		{B218AA88-8470-4EBE-B4E1-916FAA3126BD}.Debug|Any CPU.Build.0 = Debug|Any CPU
		{B218AA88-8470-4EBE-B4E1-916FAA3126BD}.Release|Any CPU.ActiveCfg = Release|Any CPU
		{B218AA88-8470-4EBE-B4E1-916FAA3126BD}.Release|Any CPU.Build.0 = Release|Any CPU
	EndGlobalSection
	GlobalSection(SolutionProperties) = preSolution
		HideSolutionNode = FALSE
	EndGlobalSection
	GlobalSection(ExtensibilityGlobals) = postSolution
		SolutionGuid = {94D65FCD-DEC5-49A8-AB1D-BD6DEFF7FBA0}
	EndGlobalSection
EndGlobal
